
Microsoft Visual Studio Solution File, Format Version 11.00
# Visual Studio 2010
Project("{FAE04EC0-301F-11D3-BF4B-00C04F79EFBC}") = "Assembly-CSharp", "Assembly-CSharp.csproj", "{e33362b9-b781-751f-d21b-2c3e31dfb382}"
EndProject
Project("{FAE04EC0-301F-11D3-BF4B-00C04F79EFBC}") = "Assembly-CSharp-Editor", "Assembly-CSharp-Editor.csproj", "{42232411-7bbe-92f2-ae87-2d10179611f4}"
EndProject
Global
	GlobalSection(SolutionConfigurationPlatforms) = preSolution
		Debug|Any CPU = Debug|Any CPU
	EndGlobalSection
	GlobalSection(ProjectConfigurationPlatforms) = postSolution
		{e33362b9-b781-751f-d21b-2c3e31dfb382}.Debug|Any CPU.ActiveCfg = Debug|Any CPU
		{e33362b9-b781-751f-d21b-2c3e31dfb382}.Debug|Any CPU.Build.0 = Debug|Any CPU
		{42232411-7bbe-92f2-ae87-2d10179611f4}.Debug|Any CPU.ActiveCfg = Debug|Any CPU
		{42232411-7bbe-92f2-ae87-2d10179611f4}.Debug|Any CPU.Build.0 = Debug|Any CPU
	EndGlobalSection
	GlobalSection(SolutionProperties) = preSolution
		HideSolutionNode = FALSE
	EndGlobalSection
EndGlobal
